
Microsoft Visual Studio Solution File, Format Version 11.00
# Visual Studio 2010
Project("{FAE04EC0-301F-11D3-BF4B-00C04F79EFBC}") = "Wii tracking6dof", "Wii tracking6dof\Wii tracking6dof.csproj", "{34C7BCDD-0593-4956-8FBA-DFA2B078DB37}"
EndProject
Global
	GlobalSection(SolutionConfigurationPlatforms) = preSolution
		Debug|x86 = Debug|x86
		Release|x86 = Release|x86
	EndGlobalSection
	GlobalSection(ProjectConfigurationPlatforms) = postSolution
		{34C7BCDD-0593-4956-8FBA-DFA2B078DB37}.Debug|x86.ActiveCfg = Debug|x86
		{34C7BCDD-0593-4956-8FBA-DFA2B078DB37}.Debug|x86.Build.0 = Debug|x86
		{34C7BCDD-0593-4956-8FBA-DFA2B078DB37}.Release|x86.ActiveCfg = Release|x86
		{34C7BCDD-0593-4956-8FBA-DFA2B078DB37}.Release|x86.Build.0 = Release|x86
	EndGlobalSection
	GlobalSection(SolutionProperties) = preSolution
		HideSolutionNode = FALSE
	EndGlobalSection
EndGlobal
